
Microsoft Visual Studio Solution File, Format Version 12.00
# Visual Studio Version 16
VisualStudioVersion = 16.0.31205.134
MinimumVisualStudioVersion = 10.0.40219.1
Project("{FAE04EC0-301F-11D3-BF4B-00C04F79EFBC}") = "Lab4", "Lab4\Lab4.csproj", "{2E61D00B-8E9B-474A-8351-3EBC05A78925}"
EndProject
Global
	GlobalSection(SolutionConfigurationPlatforms) = preSolution
		Debug|Any CPU = Debug|Any CPU
		Release|Any CPU = Release|Any CPU
	EndGlobalSection
	GlobalSection(ProjectConfigurationPlatforms) = postSolution
		{2E61D00B-8E9B-474A-8351-3EBC05A78925}.Debug|Any CPU.ActiveCfg = Debug|Any CPU
		{2E61D00B-8E9B-474A-8351-3EBC05A78925}.Debug|Any CPU.Build.0 = Debug|Any CPU
		{2E61D00B-8E9B-474A-8351-3EBC05A78925}.Release|Any CPU.ActiveCfg = Release|Any CPU
		{2E61D00B-8E9B-474A-8351-3EBC05A78925}.Release|Any CPU.Build.0 = Release|Any CPU
	EndGlobalSection
	GlobalSection(SolutionProperties) = preSolution
		HideSolutionNode = FALSE
	EndGlobalSection
	GlobalSection(ExtensibilityGlobals) = postSolution
		SolutionGuid = {8526F896-CEF3-4C54-8089-1BDE365FAA42}
	EndGlobalSection
EndGlobal
